<?xml version="1.0" encoding="utf-8"?>
<Project ToolsVersion="4.0" xmlns="http://schemas.microsoft.com/developer/msbuild/2003">
  <ItemGroup>
    <Filter Include="Source Files">
      <UniqueIdentifier>{4FC737F1-C7A5-4376-A066-2A32D752A2FF}</UniqueIdentifier>
      <Extensions>cpp;c;cc;cxx;def;odl;idl;hpj;bat;asm;asmx;h;hh;hpp;hxx;hm;inl;inc;xsd</Extensions>
    </Filter>
    <Filter Include="Resource Files">
      <UniqueIdentifier>{67DA6AB6-F800-4c08-8B7A-83BB121AAD01}</UniqueIdentifier>
      <Extensions>rc;ico;cur;bmp;dlg;rc2;rct;bin;rgs;gif;jpg;jpeg;jpe;resx;tiff;tif;png;wav;mfcribbon-ms</Extensions>
    </Filter>
    <Filter Include="Source Files\App">
      <UniqueIdentifier>{d0e20d46-dad1-44c2-8e91-121a0caae270}</UniqueIdentifier>
    </Filter>
    <Filter Include="Source Files\Frames">
      <UniqueIdentifier>{7e692197-d31d-419c-ae70-300a25e54b1c}</UniqueIdentifier>
    </Filter>
    <Filter Include="Source Files\Views">
      <UniqueIdentifier>{584131eb-3ba3-4d4c-8f87-e539355681f2}</UniqueIdentifier>
    </Filter>
    <Filter Include="Support Files">
      <UniqueIdentifier>{0d9a6388-b84a-4edc-ab9a-088a184dc573}</UniqueIdentifier>
    </Filter>
    <Filter Include="Source Files\Utils">
      <UniqueIdentifier>{877402c2-59ee-4f4a-bc8c-a5aa4d3a35a9}</UniqueIdentifier>
    </Filter>
    <Filter Include="Source Files\App\Browser">
      <UniqueIdentifier>{7ca97b9e-33cc-43fd-8d02-d2b0574fb3a1}</UniqueIdentifier>
    </Filter>
    <Filter Include="Source Files\App\Common">
      <UniqueIdentifier>{140600fb-7fdd-44d2-89b4-6f8adaa169ea}</UniqueIdentifier>
    </Filter>
    <Filter Include="Source Files\App\Renderer">
      <UniqueIdentifier>{0decf877-2a41-4ebe-8216-6afd38bdc737}</UniqueIdentifier>
    </Filter>
  </ItemGroup>
  <ItemGroup>
    <Text Include="ReadMe.txt" />
  </ItemGroup>
  <ItemGroup>
    <ClInclude Include="MainFrm.h">
      <Filter>Source Files\Frames</Filter>
    </ClInclude>
    <ClInclude Include="ChildView.h">
      <Filter>Source Files\Views</Filter>
    </ClInclude>
    <ClInclude Include="Resource.h">
      <Filter>Support Files</Filter>
    </ClInclude>
    <ClInclude Include="stdafx.h">
      <Filter>Support Files</Filter>
    </ClInclude>
    <ClInclude Include="targetver.h">
      <Filter>Support Files</Filter>
    </ClInclude>
    <ClInclude Include="MainApp.h">
      <Filter>Source Files\App</Filter>
    </ClInclude>
    <ClInclude Include="CefUtils.h">
      <Filter>Source Files\Utils</Filter>
    </ClInclude>
    <ClInclude Include="SingleProcessApp.h">
      <Filter>Source Files\App</Filter>
    </ClInclude>
    <ClInclude Include="BrowserProcessApp.h">
      <Filter>Source Files\App\Browser</Filter>
    </ClInclude>
    <ClInclude Include="BaseApp.h">
      <Filter>Source Files\App\Common</Filter>
    </ClInclude>
    <ClInclude Include="RenderProcessApp.h">
      <Filter>Source Files\App\Renderer</Filter>
    </ClInclude>
    <ClInclude Include="RenderProcessHandler.h">
      <Filter>Source Files\App\Renderer</Filter>
    </ClInclude>
    <ClInclude Include="BrowserProcessHandler.h">
      <Filter>Source Files\App\Browser</Filter>
    </ClInclude>
    <ClInclude Include="ClientHandler.h">
      <Filter>Source Files\App\Browser</Filter>
    </ClInclude>
    <ClInclude Include="Signals.h">
      <Filter>Source Files\App\Common</Filter>
    </ClInclude>
    <ClInclude Include="MessageRouterQueryHandler.h">
      <Filter>Source Files\App\Common</Filter>
    </ClInclude>
  </ItemGroup>
  <ItemGroup>
    <ClCompile Include="MainFrm.cpp">
      <Filter>Source Files\Frames</Filter>
    </ClCompile>
    <ClCompile Include="ChildView.cpp">
      <Filter>Source Files\Views</Filter>
    </ClCompile>
    <ClCompile Include="stdafx.cpp">
      <Filter>Support Files</Filter>
    </ClCompile>
    <ClCompile Include="MainApp.cpp">
      <Filter>Source Files\App</Filter>
    </ClCompile>
    <ClCompile Include="SingleProcessApp.cpp">
      <Filter>Source Files\App</Filter>
    </ClCompile>
    <ClCompile Include="BrowserProcessApp.cpp">
      <Filter>Source Files\App\Browser</Filter>
    </ClCompile>
    <ClCompile Include="BaseApp.cpp">
      <Filter>Source Files\App\Common</Filter>
    </ClCompile>
    <ClCompile Include="RenderProcessApp.cpp">
      <Filter>Source Files\App\Renderer</Filter>
    </ClCompile>
    <ClCompile Include="RenderProcessHandler.cpp">
      <Filter>Source Files\App\Renderer</Filter>
    </ClCompile>
    <ClCompile Include="BrowserProcessHandler.cpp">
      <Filter>Source Files\App\Browser</Filter>
    </ClCompile>
    <ClCompile Include="ClientHandler.cpp">
      <Filter>Source Files\App\Browser</Filter>
    </ClCompile>
    <ClCompile Include="MessageRouterQueryHandler.cpp">
      <Filter>Source Files\App\Common</Filter>
    </ClCompile>
  </ItemGroup>
  <ItemGroup>
    <ResourceCompile Include="cef-test.rc">
      <Filter>Resource Files</Filter>
    </ResourceCompile>
  </ItemGroup>
  <ItemGroup>
    <Image Include="res\buttons.bmp">
      <Filter>Resource Files</Filter>
    </Image>
    <Image Include="res\filelarge.bmp">
      <Filter>Resource Files</Filter>
    </Image>
    <Image Include="res\filesmall.bmp">
      <Filter>Resource Files</Filter>
    </Image>
    <Image Include="res\main.bmp">
      <Filter>Resource Files</Filter>
    </Image>
    <Image Include="res\writelarge.bmp">
      <Filter>Resource Files</Filter>
    </Image>
    <Image Include="res\writesmall.bmp">
      <Filter>Resource Files</Filter>
    </Image>
    <Image Include="res\cef-test.ico">
      <Filter>Resource Files</Filter>
    </Image>
    <Image Include="res\Toolbar.bmp">
      <Filter>Resource Files</Filter>
    </Image>
    <Image Include="res\Toolbar256.bmp">
      <Filter>Resource Files</Filter>
    </Image>
  </ItemGroup>
  <ItemGroup>
    <None Include="res\ribbon.mfcribbon-ms">
      <Filter>Resource Files</Filter>
    </None>
    <None Include="res\ceftest.rc2">
      <Filter>Resource Files</Filter>
    </None>
    <None Include="..\cef\libcef_dll\libcef_dll_wrapper.vcxproj.filters" />
  </ItemGroup>
</Project>